
Microsoft Visual Studio Solution File, Format Version 12.00
# Visual Studio 15
VisualStudioVersion = 15.0.28307.271
MinimumVisualStudioVersion = 10.0.40219.1
Project("{FAE04EC0-301F-11D3-BF4B-00C04F79EFBC}") = "wsEstacionGUA_BioSalc", "wsEstacionGUA_BioSalc\wsEstacionGUA_BioSalc.csproj", "{EE8CC63F-8E79-46F7-A4A4-95BB67309594}"
EndProject
Project("{54435603-DBB4-11D2-8724-00A0C9A8B90C}") = "EstacionGUA_BioSalc", "EstacionGUA_BioSalc\EstacionGUA_BioSalc.vdproj", "{C8915F53-1701-4C9B-A22F-06605B8828BC}"
EndProject
Global
	GlobalSection(SolutionConfigurationPlatforms) = preSolution
		Debug|Any CPU = Debug|Any CPU
		Release|Any CPU = Release|Any CPU
	EndGlobalSection
	GlobalSection(ProjectConfigurationPlatforms) = postSolution
		{EE8CC63F-8E79-46F7-A4A4-95BB67309594}.Debug|Any CPU.ActiveCfg = Debug|Any CPU
		{EE8CC63F-8E79-46F7-A4A4-95BB67309594}.Debug|Any CPU.Build.0 = Debug|Any CPU
		{EE8CC63F-8E79-46F7-A4A4-95BB67309594}.Release|Any CPU.ActiveCfg = Release|Any CPU
		{EE8CC63F-8E79-46F7-A4A4-95BB67309594}.Release|Any CPU.Build.0 = Release|Any CPU
		{C8915F53-1701-4C9B-A22F-06605B8828BC}.Debug|Any CPU.ActiveCfg = Debug
		{C8915F53-1701-4C9B-A22F-06605B8828BC}.Release|Any CPU.ActiveCfg = Release
	EndGlobalSection
	GlobalSection(SolutionProperties) = preSolution
		HideSolutionNode = FALSE
	EndGlobalSection
	GlobalSection(ExtensibilityGlobals) = postSolution
		SolutionGuid = {658663F1-840F-4E1E-9A9D-3BD221A5D249}
	EndGlobalSection
EndGlobal
